// !$*UTF8*$!
{
	archiveVersion = 1;
	classes = {
	};
	objectVersion = 50;
	objects = {

/* Begin PBXBuildFile section */
		F11F726D232D90DB00F11B46 /* AppDelegate.swift in Sources */ = {isa = PBXBuildFile; fileRef = F11F726C232D90DB00F11B46 /* AppDelegate.swift */; };
		F11F726F232D90DB00F11B46 /* mainScreen.swift in Sources */ = {isa = PBXBuildFile; fileRef = F11F726E232D90DB00F11B46 /* mainScreen.swift */; };
		F11F7272232D90DB00F11B46 /* Main.storyboard in Resources */ = {isa = PBXBuildFile; fileRef = F11F7270232D90DB00F11B46 /* Main.storyboard */; };
		F11F7275232D90DB00F11B46 /* AgileLegacy.xcdatamodeld in Sources */ = {isa = PBXBuildFile; fileRef = F11F7273232D90DB00F11B46 /* AgileLegacy.xcdatamodeld */; };
		F11F7277232D90DD00F11B46 /* Assets.xcassets in Resources */ = {isa = PBXBuildFile; fileRef = F11F7276232D90DD00F11B46 /* Assets.xcassets */; };
		F11F727A232D90DD00F11B46 /* LaunchScreen.storyboard in Resources */ = {isa = PBXBuildFile; fileRef = F11F7278232D90DD00F11B46 /* LaunchScreen.storyboard */; };
		F11F7285232D90DD00F11B46 /* AgileLegacyTests.swift in Sources */ = {isa = PBXBuildFile; fileRef = F11F7284232D90DD00F11B46 /* AgileLegacyTests.swift */; };
		F11F7290232D90DD00F11B46 /* AgileLegacyUITests.swift in Sources */ = {isa = PBXBuildFile; fileRef = F11F728F232D90DD00F11B46 /* AgileLegacyUITests.swift */; };
		F11F729F232D917600F11B46 /* ListScreen.swift in Sources */ = {isa = PBXBuildFile; fileRef = F11F729E232D917600F11B46 /* ListScreen.swift */; };
		F11F72A1232D91C900F11B46 /* Extension.swift in Sources */ = {isa = PBXBuildFile; fileRef = F11F72A0232D91C900F11B46 /* Extension.swift */; };
		F11F72AB232DA00100F11B46 /* PersistanceService.swift in Sources */ = {isa = PBXBuildFile; fileRef = F11F72AA232DA00100F11B46 /* PersistanceService.swift */; };
		F13B8D4A2332CB00000EA7EF /* Workshop+CoreDataClass.swift in Sources */ = {isa = PBXBuildFile; fileRef = F13B8D462332CB00000EA7EF /* Workshop+CoreDataClass.swift */; };
		F13B8D4B2332CB00000EA7EF /* Workshop+CoreDataProperties.swift in Sources */ = {isa = PBXBuildFile; fileRef = F13B8D472332CB00000EA7EF /* Workshop+CoreDataProperties.swift */; };
		F13B8D4C2332CB00000EA7EF /* Material+CoreDataClass.swift in Sources */ = {isa = PBXBuildFile; fileRef = F13B8D482332CB00000EA7EF /* Material+CoreDataClass.swift */; };
		F13B8D4D2332CB00000EA7EF /* Material+CoreDataProperties.swift in Sources */ = {isa = PBXBuildFile; fileRef = F13B8D492332CB00000EA7EF /* Material+CoreDataProperties.swift */; };
		F1C208E223341B8A00D1B417 /* DetailScreen.swift in Sources */ = {isa = PBXBuildFile; fileRef = F1C208E123341B8A00D1B417 /* DetailScreen.swift */; };
		F1FD540123365FFA00B803EC /* preloadedData.plist in Resources */ = {isa = PBXBuildFile; fileRef = F1FD540023365FFA00B803EC /* preloadedData.plist */; };
/* End PBXBuildFile section */

/* Begin PBXContainerItemProxy section */
		F11F7281232D90DD00F11B46 /* PBXContainerItemProxy */ = {
			isa = PBXContainerItemProxy;
			containerPortal = F11F7261232D90DB00F11B46 /* Project object */;
			proxyType = 1;
			remoteGlobalIDString = F11F7268232D90DB00F11B46;
			remoteInfo = AgileLegacy;
		};
		F11F728C232D90DD00F11B46 /* PBXContainerItemProxy */ = {
			isa = PBXContainerItemProxy;
			containerPortal = F11F7261232D90DB00F11B46 /* Project object */;
			proxyType = 1;
			remoteGlobalIDString = F11F7268232D90DB00F11B46;
			remoteInfo = AgileLegacy;
		};
/* End PBXContainerItemProxy section */

/* Begin PBXFileReference section */
		F11F7269232D90DB00F11B46 /* AgileLegacy.app */ = {isa = PBXFileReference; explicitFileType = wrapper.application; includeInIndex = 0; path = AgileLegacy.app; sourceTree = BUILT_PRODUCTS_DIR; };
		F11F726C232D90DB00F11B46 /* AppDelegate.swift */ = {isa = PBXFileReference; lastKnownFileType = sourcecode.swift; path = AppDelegate.swift; sourceTree = "<group>"; };
		F11F726E232D90DB00F11B46 /* mainScreen.swift */ = {isa = PBXFileReference; lastKnownFileType = sourcecode.swift; path = mainScreen.swift; sourceTree = "<group>"; };
		F11F7271232D90DB00F11B46 /* Base */ = {isa = PBXFileReference; lastKnownFileType = file.storyboard; name = Base; path = Base.lproj/Main.storyboard; sourceTree = "<group>"; };
		F11F7274232D90DB00F11B46 /* AgileLegacy.xcdatamodel */ = {isa = PBXFileReference; lastKnownFileType = wrapper.xcdatamodel; path = AgileLegacy.xcdatamodel; sourceTree = "<group>"; };
		F11F7276232D90DD00F11B46 /* Assets.xcassets */ = {isa = PBXFileReference; lastKnownFileType = folder.assetcatalog; path = Assets.xcassets; sourceTree = "<group>"; };
		F11F7279232D90DD00F11B46 /* Base */ = {isa = PBXFileReference; lastKnownFileType = file.storyboard; name = Base; path = Base.lproj/LaunchScreen.storyboard; sourceTree = "<group>"; };
		F11F727B232D90DD00F11B46 /* Info.plist */ = {isa = PBXFileReference; lastKnownFileType = text.plist.xml; path = Info.plist; sourceTree = "<group>"; };
		F11F7280232D90DD00F11B46 /* AgileLegacyTests.xctest */ = {isa = PBXFileReference; explicitFileType = wrapper.cfbundle; includeInIndex = 0; path = AgileLegacyTests.xctest; sourceTree = BUILT_PRODUCTS_DIR; };
		F11F7284232D90DD00F11B46 /* AgileLegacyTests.swift */ = {isa = PBXFileReference; lastKnownFileType = sourcecode.swift; path = AgileLegacyTests.swift; sourceTree = "<group>"; };
		F11F7286232D90DD00F11B46 /* Info.plist */ = {isa = PBXFileReference; lastKnownFileType = text.plist.xml; path = Info.plist; sourceTree = "<group>"; };
		F11F728B232D90DD00F11B46 /* AgileLegacyUITests.xctest */ = {isa = PBXFileReference; explicitFileType = wrapper.cfbundle; includeInIndex = 0; path = AgileLegacyUITests.xctest; sourceTree = BUILT_PRODUCTS_DIR; };
		F11F728F232D90DD00F11B46 /* AgileLegacyUITests.swift */ = {isa = PBXFileReference; lastKnownFileType = sourcecode.swift; path = AgileLegacyUITests.swift; sourceTree = "<group>"; };
		F11F7291232D90DD00F11B46 /* Info.plist */ = {isa = PBXFileReference; lastKnownFileType = text.plist.xml; path = Info.plist; sourceTree = "<group>"; };
		F11F729E232D917600F11B46 /* ListScreen.swift */ = {isa = PBXFileReference; lastKnownFileType = sourcecode.swift; path = ListScreen.swift; sourceTree = "<group>"; };
		F11F72A0232D91C900F11B46 /* Extension.swift */ = {isa = PBXFileReference; lastKnownFileType = sourcecode.swift; path = Extension.swift; sourceTree = "<group>"; };
		F11F72AA232DA00100F11B46 /* PersistanceService.swift */ = {isa = PBXFileReference; lastKnownFileType = sourcecode.swift; path = PersistanceService.swift; sourceTree = "<group>"; };
		F1354E27233290E2004BF818 /* AgileLegacy 2.xcdatamodel */ = {isa = PBXFileReference; lastKnownFileType = wrapper.xcdatamodel; path = "AgileLegacy 2.xcdatamodel"; sourceTree = "<group>"; };
		F13B8D462332CB00000EA7EF /* Workshop+CoreDataClass.swift */ = {isa = PBXFileReference; lastKnownFileType = sourcecode.swift; path = "Workshop+CoreDataClass.swift"; sourceTree = "<group>"; };
		F13B8D472332CB00000EA7EF /* Workshop+CoreDataProperties.swift */ = {isa = PBXFileReference; lastKnownFileType = sourcecode.swift; path = "Workshop+CoreDataProperties.swift"; sourceTree = "<group>"; };
		F13B8D482332CB00000EA7EF /* Material+CoreDataClass.swift */ = {isa = PBXFileReference; lastKnownFileType = sourcecode.swift; path = "Material+CoreDataClass.swift"; sourceTree = "<group>"; };
		F13B8D492332CB00000EA7EF /* Material+CoreDataProperties.swift */ = {isa = PBXFileReference; lastKnownFileType = sourcecode.swift; path = "Material+CoreDataProperties.swift"; sourceTree = "<group>"; };
		F1C208E123341B8A00D1B417 /* DetailScreen.swift */ = {isa = PBXFileReference; lastKnownFileType = sourcecode.swift; path = DetailScreen.swift; sourceTree = "<group>"; };
		F1FD540023365FFA00B803EC /* preloadedData.plist */ = {isa = PBXFileReference; fileEncoding = 4; lastKnownFileType = text.plist.xml; name = preloadedData.plist; path = ../../../../../Downloads/preloadedData.plist; sourceTree = "<group>"; };
/* End PBXFileReference section */

/* Begin PBXFrameworksBuildPhase section */
		F11F7266232D90DB00F11B46 /* Frameworks */ = {
			isa = PBXFrameworksBuildPhase;
			buildActionMask = 2147483647;
			files = (
			);
			runOnlyForDeploymentPostprocessing = 0;
		};
		F11F727D232D90DD00F11B46 /* Frameworks */ = {
			isa = PBXFrameworksBuildPhase;
			buildActionMask = 2147483647;
			files = (
			);
			runOnlyForDeploymentPostprocessing = 0;
		};
		F11F7288232D90DD00F11B46 /* Frameworks */ = {
			isa = PBXFrameworksBuildPhase;
			buildActionMask = 2147483647;
			files = (
			);
			runOnlyForDeploymentPostprocessing = 0;
		};
/* End PBXFrameworksBuildPhase section */

/* Begin PBXGroup section */
		F1161A8F232E9D2400E74281 /* Data */ = {
			isa = PBXGroup;
			children = (
				F1FD540023365FFA00B803EC /* preloadedData.plist */,
			);
			path = Data;
			sourceTree = "<group>";
		};
		F11F7260232D90DB00F11B46 = {
			isa = PBXGroup;
			children = (
				F11F726B232D90DB00F11B46 /* AgileLegacy */,
				F11F7283232D90DD00F11B46 /* AgileLegacyTests */,
				F11F728E232D90DD00F11B46 /* AgileLegacyUITests */,
				F11F726A232D90DB00F11B46 /* Products */,
			);
			sourceTree = "<group>";
		};
		F11F726A232D90DB00F11B46 /* Products */ = {
			isa = PBXGroup;
			children = (
				F11F7269232D90DB00F11B46 /* AgileLegacy.app */,
				F11F7280232D90DD00F11B46 /* AgileLegacyTests.xctest */,
				F11F728B232D90DD00F11B46 /* AgileLegacyUITests.xctest */,
			);
			name = Products;
			sourceTree = "<group>";
		};
		F11F726B232D90DB00F11B46 /* AgileLegacy */ = {
			isa = PBXGroup;
			children = (
				F11F726C232D90DB00F11B46 /* AppDelegate.swift */,
				F11F7270232D90DB00F11B46 /* Main.storyboard */,
				F1161A8F232E9D2400E74281 /* Data */,
				F11F72A9232D9FF300F11B46 /* Services */,
				F11F729D232D912000F11B46 /* viewController */,
				F11F72A8232D9FA600F11B46 /* Entity */,
				F11F7276232D90DD00F11B46 /* Assets.xcassets */,
				F11F7278232D90DD00F11B46 /* LaunchScreen.storyboard */,
				F11F727B232D90DD00F11B46 /* Info.plist */,
				F11F72A0232D91C900F11B46 /* Extension.swift */,
			);
			path = AgileLegacy;
			sourceTree = "<group>";
		};
		F11F7283232D90DD00F11B46 /* AgileLegacyTests */ = {
			isa = PBXGroup;
			children = (
				F11F7284232D90DD00F11B46 /* AgileLegacyTests.swift */,
				F11F7286232D90DD00F11B46 /* Info.plist */,
			);
			path = AgileLegacyTests;
			sourceTree = "<group>";
		};
		F11F728E232D90DD00F11B46 /* AgileLegacyUITests */ = {
			isa = PBXGroup;
			children = (
				F11F728F232D90DD00F11B46 /* AgileLegacyUITests.swift */,
				F11F7291232D90DD00F11B46 /* Info.plist */,
			);
			path = AgileLegacyUITests;
			sourceTree = "<group>";
		};
		F11F729D232D912000F11B46 /* viewController */ = {
			isa = PBXGroup;
			children = (
				F11F726E232D90DB00F11B46 /* mainScreen.swift */,
				F11F729E232D917600F11B46 /* ListScreen.swift */,
				F1C208E123341B8A00D1B417 /* DetailScreen.swift */,
			);
			path = viewController;
			sourceTree = "<group>";
		};
		F11F72A8232D9FA600F11B46 /* Entity */ = {
			isa = PBXGroup;
			children = (
				F13B8D462332CB00000EA7EF /* Workshop+CoreDataClass.swift */,
				F13B8D472332CB00000EA7EF /* Workshop+CoreDataProperties.swift */,
				F13B8D482332CB00000EA7EF /* Material+CoreDataClass.swift */,
				F13B8D492332CB00000EA7EF /* Material+CoreDataProperties.swift */,
			);
			path = Entity;
			sourceTree = "<group>";
		};
		F11F72A9232D9FF300F11B46 /* Services */ = {
			isa = PBXGroup;
			children = (
				F11F7273232D90DB00F11B46 /* AgileLegacy.xcdatamodeld */,
				F11F72AA232DA00100F11B46 /* PersistanceService.swift */,
			);
			path = Services;
			sourceTree = "<group>";
		};
/* End PBXGroup section */

/* Begin PBXNativeTarget section */
		F11F7268232D90DB00F11B46 /* AgileLegacy */ = {
			isa = PBXNativeTarget;
			buildConfigurationList = F11F7294232D90DD00F11B46 /* Build configuration list for PBXNativeTarget "AgileLegacy" */;
			buildPhases = (
				F11F7265232D90DB00F11B46 /* Sources */,
				F11F7266232D90DB00F11B46 /* Frameworks */,
				F11F7267232D90DB00F11B46 /* Resources */,
			);
			buildRules = (
			);
			dependencies = (
			);
			name = AgileLegacy;
			productName = AgileLegacy;
			productReference = F11F7269232D90DB00F11B46 /* AgileLegacy.app */;
			productType = "com.apple.product-type.application";
		};
		F11F727F232D90DD00F11B46 /* AgileLegacyTests */ = {
			isa = PBXNativeTarget;
			buildConfigurationList = F11F7297232D90DD00F11B46 /* Build configuration list for PBXNativeTarget "AgileLegacyTests" */;
			buildPhases = (
				F11F727C232D90DD00F11B46 /* Sources */,
				F11F727D232D90DD00F11B46 /* Frameworks */,
				F11F727E232D90DD00F11B46 /* Resources */,
			);
			buildRules = (
			);
			dependencies = (
				F11F7282232D90DD00F11B46 /* PBXTargetDependency */,
			);
			name = AgileLegacyTests;
			productName = AgileLegacyTests;
			productReference = F11F7280232D90DD00F11B46 /* AgileLegacyTests.xctest */;
			productType = "com.apple.product-type.bundle.unit-test";
		};
		F11F728A232D90DD00F11B46 /* AgileLegacyUITests */ = {
			isa = PBXNativeTarget;
			buildConfigurationList = F11F729A232D90DD00F11B46 /* Build configuration list for PBXNativeTarget "AgileLegacyUITests" */;
			buildPhases = (
				F11F7287232D90DD00F11B46 /* Sources */,
				F11F7288232D90DD00F11B46 /* Frameworks */,
				F11F7289232D90DD00F11B46 /* Resources */,
			);
			buildRules = (
			);
			dependencies = (
				F11F728D232D90DD00F11B46 /* PBXTargetDependency */,
			);
			name = AgileLegacyUITests;
			productName = AgileLegacyUITests;
			productReference = F11F728B232D90DD00F11B46 /* AgileLegacyUITests.xctest */;
			productType = "com.apple.product-type.bundle.ui-testing";
		};
/* End PBXNativeTarget section */

/* Begin PBXProject section */
		F11F7261232D90DB00F11B46 /* Project object */ = {
			isa = PBXProject;
			attributes = {
				LastSwiftUpdateCheck = 1030;
				LastUpgradeCheck = 1030;
				ORGANIZATIONNAME = "Kevin Desmay";
				TargetAttributes = {
					F11F7268232D90DB00F11B46 = {
						CreatedOnToolsVersion = 10.3;
					};
					F11F727F232D90DD00F11B46 = {
						CreatedOnToolsVersion = 10.3;
						TestTargetID = F11F7268232D90DB00F11B46;
					};
					F11F728A232D90DD00F11B46 = {
						CreatedOnToolsVersion = 10.3;
						TestTargetID = F11F7268232D90DB00F11B46;
					};
				};
			};
			buildConfigurationList = F11F7264232D90DB00F11B46 /* Build configuration list for PBXProject "AgileLegacy" */;
			compatibilityVersion = "Xcode 9.3";
			developmentRegion = en;
			hasScannedForEncodings = 0;
			knownRegions = (
				en,
				Base,
			);
			mainGroup = F11F7260232D90DB00F11B46;
			productRefGroup = F11F726A232D90DB00F11B46 /* Products */;
			projectDirPath = "";
			projectRoot = "";
			targets = (
				F11F7268232D90DB00F11B46 /* AgileLegacy */,
				F11F727F232D90DD00F11B46 /* AgileLegacyTests */,
				F11F728A232D90DD00F11B46 /* AgileLegacyUITests */,
			);
		};
/* End PBXProject section */

/* Begin PBXResourcesBuildPhase section */
		F11F7267232D90DB00F11B46 /* Resources */ = {
			isa = PBXResourcesBuildPhase;
			buildActionMask = 2147483647;
			files = (
				F11F727A232D90DD00F11B46 /* LaunchScreen.storyboard in Resources */,
				F11F7277232D90DD00F11B46 /* Assets.xcassets in Resources */,
				F1FD540123365FFA00B803EC /* preloadedData.plist in Resources */,
				F11F7272232D90DB00F11B46 /* Main.storyboard in Resources */,
			);
			runOnlyForDeploymentPostprocessing = 0;
		};
		F11F727E232D90DD00F11B46 /* Resources */ = {
			isa = PBXResourcesBuildPhase;
			buildActionMask = 2147483647;
			files = (
			);
			runOnlyForDeploymentPostprocessing = 0;
		};
		F11F7289232D90DD00F11B46 /* Resources */ = {
			isa = PBXResourcesBuildPhase;
			buildActionMask = 2147483647;
			files = (
			);
			runOnlyForDeploymentPostprocessing = 0;
		};
/* End PBXResourcesBuildPhase section */

/* Begin PBXSourcesBuildPhase section */
		F11F7265232D90DB00F11B46 /* Sources */ = {
			isa = PBXSourcesBuildPhase;
			buildActionMask = 2147483647;
			files = (
				F13B8D4D2332CB00000EA7EF /* Material+CoreDataProperties.swift in Sources */,
				F11F72A1232D91C900F11B46 /* Extension.swift in Sources */,
				F11F7275232D90DB00F11B46 /* AgileLegacy.xcdatamodeld in Sources */,
				F11F726F232D90DB00F11B46 /* mainScreen.swift in Sources */,
				F11F726D232D90DB00F11B46 /* AppDelegate.swift in Sources */,
				F13B8D4B2332CB00000EA7EF /* Workshop+CoreDataProperties.swift in Sources */,
				F13B8D4C2332CB00000EA7EF /* Material+CoreDataClass.swift in Sources */,
				F1C208E223341B8A00D1B417 /* DetailScreen.swift in Sources */,
				F11F72AB232DA00100F11B46 /* PersistanceService.swift in Sources */,
				F13B8D4A2332CB00000EA7EF /* Workshop+CoreDataClass.swift in Sources */,
				F11F729F232D917600F11B46 /* ListScreen.swift in Sources */,
			);
			runOnlyForDeploymentPostprocessing = 0;
		};
		F11F727C232D90DD00F11B46 /* Sources */ = {
			isa = PBXSourcesBuildPhase;
			buildActionMask = 2147483647;
			files = (
				F11F7285232D90DD00F11B46 /* AgileLegacyTests.swift in Sources */,
			);
			runOnlyForDeploymentPostprocessing = 0;
		};
		F11F7287232D90DD00F11B46 /* Sources */ = {
			isa = PBXSourcesBuildPhase;
			buildActionMask = 2147483647;
			files = (
				F11F7290232D90DD00F11B46 /* AgileLegacyUITests.swift in Sources */,
			);
			runOnlyForDeploymentPostprocessing = 0;
		};
/* End PBXSourcesBuildPhase section */

/* Begin PBXTargetDependency section */
		F11F7282232D90DD00F11B46 /* PBXTargetDependency */ = {
			isa = PBXTargetDependency;
			target = F11F7268232D90DB00F11B46 /* AgileLegacy */;
			targetProxy = F11F7281232D90DD00F11B46 /* PBXContainerItemProxy */;
		};
		F11F728D232D90DD00F11B46 /* PBXTargetDependency */ = {
			isa = PBXTargetDependency;
			target = F11F7268232D90DB00F11B46 /* AgileLegacy */;
			targetProxy = F11F728C232D90DD00F11B46 /* PBXContainerItemProxy */;
		};
/* End PBXTargetDependency section */

/* Begin PBXVariantGroup section */
		F11F7270232D90DB00F11B46 /* Main.storyboard */ = {
			isa = PBXVariantGroup;
			children = (
				F11F7271232D90DB00F11B46 /* Base */,
			);
			name = Main.storyboard;
			sourceTree = "<group>";
		};
		F11F7278232D90DD00F11B46 /* LaunchScreen.storyboard */ = {
			isa = PBXVariantGroup;
			children = (
				F11F7279232D90DD00F11B46 /* Base */,
			);
			name = LaunchScreen.storyboard;
			sourceTree = "<group>";
		};
/* End PBXVariantGroup section */

/* Begin XCBuildConfiguration section */
		F11F7292232D90DD00F11B46 /* Debug */ = {
			isa = XCBuildConfiguration;
			buildSettings = {
				ALWAYS_SEARCH_USER_PATHS = NO;
				CLANG_ANALYZER_NONNULL = YES;
				CLANG_ANALYZER_NUMBER_OBJECT_CONVERSION = YES_AGGRESSIVE;
				CLANG_CXX_LANGUAGE_STANDARD = "gnu++14";
				CLANG_CXX_LIBRARY = "libc++";
				CLANG_ENABLE_MODULES = YES;
				CLANG_ENABLE_OBJC_ARC = YES;
				CLANG_ENABLE_OBJC_WEAK = YES;
				CLANG_WARN_BLOCK_CAPTURE_AUTORELEASING = YES;
				CLANG_WARN_BOOL_CONVERSION = YES;
				CLANG_WARN_COMMA = YES;
				CLANG_WARN_CONSTANT_CONVERSION = YES;
				CLANG_WARN_DEPRECATED_OBJC_IMPLEMENTATIONS = YES;
				CLANG_WARN_DIRECT_OBJC_ISA_USAGE = YES_ERROR;
				CLANG_WARN_DOCUMENTATION_COMMENTS = YES;
				CLANG_WARN_EMPTY_BODY = YES;
				CLANG_WARN_ENUM_CONVERSION = YES;
				CLANG_WARN_INFINITE_RECURSION = YES;
				CLANG_WARN_INT_CONVERSION = YES;
				CLANG_WARN_NON_LITERAL_NULL_CONVERSION = YES;
				CLANG_WARN_OBJC_IMPLICIT_RETAIN_SELF = YES;
				CLANG_WARN_OBJC_LITERAL_CONVERSION = YES;
				CLANG_WARN_OBJC_ROOT_CLASS = YES_ERROR;
				CLANG_WARN_RANGE_LOOP_ANALYSIS = YES;
				CLANG_WARN_STRICT_PROTOTYPES = YES;
				CLANG_WARN_SUSPICIOUS_MOVE = YES;
				CLANG_WARN_UNGUARDED_AVAILABILITY = YES_AGGRESSIVE;
				CLANG_WARN_UNREACHABLE_CODE = YES;
				CLANG_WARN__DUPLICATE_METHOD_MATCH = YES;
				CODE_SIGN_IDENTITY = "iPhone Developer";
				COPY_PHASE_STRIP = NO;
				DEBUG_INFORMATION_FORMAT = dwarf;
				ENABLE_STRICT_OBJC_MSGSEND = YES;
				ENABLE_TESTABILITY = YES;
				GCC_C_LANGUAGE_STANDARD = gnu11;
				GCC_DYNAMIC_NO_PIC = NO;
				GCC_NO_COMMON_BLOCKS = YES;
				GCC_OPTIMIZATION_LEVEL = 0;
				GCC_PREPROCESSOR_DEFINITIONS = (
					"DEBUG=1",
					"$(inherited)",
				);
				GCC_WARN_64_TO_32_BIT_CONVERSION = YES;
				GCC_WARN_ABOUT_RETURN_TYPE = YES_ERROR;
				GCC_WARN_UNDECLARED_SELECTOR = YES;
				GCC_WARN_UNINITIALIZED_AUTOS = YES_AGGRESSIVE;
				GCC_WARN_UNUSED_FUNCTION = YES;
				GCC_WARN_UNUSED_VARIABLE = YES;
				IPHONEOS_DEPLOYMENT_TARGET = 12.4;
				MTL_ENABLE_DEBUG_INFO = INCLUDE_SOURCE;
				MTL_FAST_MATH = YES;
				ONLY_ACTIVE_ARCH = YES;
				SDKROOT = iphoneos;
				SWIFT_ACTIVE_COMPILATION_CONDITIONS = DEBUG;
				SWIFT_OPTIMIZATION_LEVEL = "-Onone";
			};
			name = Debug;
		};
		F11F7293232D90DD00F11B46 /* Release */ = {
			isa = XCBuildConfiguration;
			buildSettings = {
				ALWAYS_SEARCH_USER_PATHS = NO;
				CLANG_ANALYZER_NONNULL = YES;
				CLANG_ANALYZER_NUMBER_OBJECT_CONVERSION = YES_AGGRESSIVE;
				CLANG_CXX_LANGUAGE_STANDARD = "gnu++14";
				CLANG_CXX_LIBRARY = "libc++";
				CLANG_ENABLE_MODULES = YES;
				CLANG_ENABLE_OBJC_ARC = YES;
				CLANG_ENABLE_OBJC_WEAK = YES;
				CLANG_WARN_BLOCK_CAPTURE_AUTORELEASING = YES;
				CLANG_WARN_BOOL_CONVERSION = YES;
				CLANG_WARN_COMMA = YES;
				CLANG_WARN_CONSTANT_CONVERSION = YES;
				CLANG_WARN_DEPRECATED_OBJC_IMPLEMENTATIONS = YES;
				CLANG_WARN_DIRECT_OBJC_ISA_USAGE = YES_ERROR;
				CLANG_WARN_DOCUMENTATION_COMMENTS = YES;
				CLANG_WARN_EMPTY_BODY = YES;
				CLANG_WARN_ENUM_CONVERSION = YES;
				CLANG_WARN_INFINITE_RECURSION = YES;
				CLANG_WARN_INT_CONVERSION = YES;
				CLANG_WARN_NON_LITERAL_NULL_CONVERSION = YES;
				CLANG_WARN_OBJC_IMPLICIT_RETAIN_SELF = YES;
				CLANG_WARN_OBJC_LITERAL_CONVERSION = YES;
				CLANG_WARN_OBJC_ROOT_CLASS = YES_ERROR;
				CLANG_WARN_RANGE_LOOP_ANALYSIS = YES;
				CLANG_WARN_STRICT_PROTOTYPES = YES;
				CLANG_WARN_SUSPICIOUS_MOVE = YES;
				CLANG_WARN_UNGUARDED_AVAILABILITY = YES_AGGRESSIVE;
				CLANG_WARN_UNREACHABLE_CODE = YES;
				CLANG_WARN__DUPLICATE_METHOD_MATCH = YES;
				CODE_SIGN_IDENTITY = "iPhone Developer";
				COPY_PHASE_STRIP = NO;
				DEBUG_INFORMATION_FORMAT = "dwarf-with-dsym";
				ENABLE_NS_ASSERTIONS = NO;
				ENABLE_STRICT_OBJC_MSGSEND = YES;
				GCC_C_LANGUAGE_STANDARD = gnu11;
				GCC_NO_COMMON_BLOCKS = YES;
				GCC_WARN_64_TO_32_BIT_CONVERSION = YES;
				GCC_WARN_ABOUT_RETURN_TYPE = YES_ERROR;
				GCC_WARN_UNDECLARED_SELECTOR = YES;
				GCC_WARN_UNINITIALIZED_AUTOS = YES_AGGRESSIVE;
				GCC_WARN_UNUSED_FUNCTION = YES;
				GCC_WARN_UNUSED_VARIABLE = YES;
				IPHONEOS_DEPLOYMENT_TARGET = 12.4;
				MTL_ENABLE_DEBUG_INFO = NO;
				MTL_FAST_MATH = YES;
				SDKROOT = iphoneos;
				SWIFT_COMPILATION_MODE = wholemodule;
				SWIFT_OPTIMIZATION_LEVEL = "-O";
				VALIDATE_PRODUCT = YES;
			};
			name = Release;
		};
		F11F7295232D90DD00F11B46 /* Debug */ = {
			isa = XCBuildConfiguration;
			buildSettings = {
				ASSETCATALOG_COMPILER_APPICON_NAME = AppIcon;
				CODE_SIGN_STYLE = Automatic;
				DEVELOPMENT_TEAM = 5BC7MNM2Q6;
				INFOPLIST_FILE = AgileLegacy/Info.plist;
				LD_RUNPATH_SEARCH_PATHS = (
					"$(inherited)",
					"@executable_path/Frameworks",
				);
				PRODUCT_BUNDLE_IDENTIFIER = fr.agile.AgileLegacy;
				PRODUCT_NAME = "$(TARGET_NAME)";
				SWIFT_VERSION = 5.0;
				TARGETED_DEVICE_FAMILY = "1,2";
			};
			name = Debug;
		};
		F11F7296232D90DD00F11B46 /* Release */ = {
			isa = XCBuildConfiguration;
			buildSettings = {
				ASSETCATALOG_COMPILER_APPICON_NAME = AppIcon;
				CODE_SIGN_STYLE = Automatic;
				DEVELOPMENT_TEAM = 5BC7MNM2Q6;
				INFOPLIST_FILE = AgileLegacy/Info.plist;
				LD_RUNPATH_SEARCH_PATHS = (
					"$(inherited)",
					"@executable_path/Frameworks",
				);
				PRODUCT_BUNDLE_IDENTIFIER = fr.agile.AgileLegacy;
				PRODUCT_NAME = "$(TARGET_NAME)";
				SWIFT_VERSION = 5.0;
				TARGETED_DEVICE_FAMILY = "1,2";
			};
			name = Release;
		};
		F11F7298232D90DD00F11B46 /* Debug */ = {
			isa = XCBuildConfiguration;
			buildSettings = {
				ALWAYS_EMBED_SWIFT_STANDARD_LIBRARIES = YES;
				BUNDLE_LOADER = "$(TEST_HOST)";
				CODE_SIGN_STYLE = Automatic;
				INFOPLIST_FILE = AgileLegacyTests/Info.plist;
				LD_RUNPATH_SEARCH_PATHS = (
					"$(inherited)",
					"@executable_path/Frameworks",
					"@loader_path/Frameworks",
				);
				PRODUCT_BUNDLE_IDENTIFIER = fr.agile.AgileLegacyTests;
				PRODUCT_NAME = "$(TARGET_NAME)";
				SWIFT_VERSION = 5.0;
				TARGETED_DEVICE_FAMILY = "1,2";
				TEST_HOST = "$(BUILT_PRODUCTS_DIR)/AgileLegacy.app/AgileLegacy";
			};
			name = Debug;
		};
		F11F7299232D90DD00F11B46 /* Release */ = {
			isa = XCBuildConfiguration;
			buildSettings = {
				ALWAYS_EMBED_SWIFT_STANDARD_LIBRARIES = YES;
				BUNDLE_LOADER = "$(TEST_HOST)";
				CODE_SIGN_STYLE = Automatic;
				INFOPLIST_FILE = AgileLegacyTests/Info.plist;
				LD_RUNPATH_SEARCH_PATHS = (
					"$(inherited)",
					"@executable_path/Frameworks",
					"@loader_path/Frameworks",
				);
				PRODUCT_BUNDLE_IDENTIFIER = fr.agile.AgileLegacyTests;
				PRODUCT_NAME = "$(TARGET_NAME)";
				SWIFT_VERSION = 5.0;
				TARGETED_DEVICE_FAMILY = "1,2";
				TEST_HOST = "$(BUILT_PRODUCTS_DIR)/AgileLegacy.app/AgileLegacy";
			};
			name = Release;
		};
		F11F729B232D90DD00F11B46 /* Debug */ = {
			isa = XCBuildConfiguration;
			buildSettings = {
				ALWAYS_EMBED_SWIFT_STANDARD_LIBRARIES = YES;
				CODE_SIGN_STYLE = Automatic;
				INFOPLIST_FILE = AgileLegacyUITests/Info.plist;
				LD_RUNPATH_SEARCH_PATHS = (
					"$(inherited)",
					"@executable_path/Frameworks",
					"@loader_path/Frameworks",
				);
				PRODUCT_BUNDLE_IDENTIFIER = fr.agile.AgileLegacyUITests;
				PRODUCT_NAME = "$(TARGET_NAME)";
				SWIFT_VERSION = 5.0;
				TARGETED_DEVICE_FAMILY = "1,2";
				TEST_TARGET_NAME = AgileLegacy;
			};
			name = Debug;
		};
		F11F729C232D90DD00F11B46 /* Release */ = {
			isa = XCBuildConfiguration;
			buildSettings = {
				ALWAYS_EMBED_SWIFT_STANDARD_LIBRARIES = YES;
				CODE_SIGN_STYLE = Automatic;
				INFOPLIST_FILE = AgileLegacyUITests/Info.plist;
				LD_RUNPATH_SEARCH_PATHS = (
					"$(inherited)",
					"@executable_path/Frameworks",
					"@loader_path/Frameworks",
				);
				PRODUCT_BUNDLE_IDENTIFIER = fr.agile.AgileLegacyUITests;
				PRODUCT_NAME = "$(TARGET_NAME)";
				SWIFT_VERSION = 5.0;
				TARGETED_DEVICE_FAMILY = "1,2";
				TEST_TARGET_NAME = AgileLegacy;
			};
			name = Release;
		};
/* End XCBuildConfiguration section */

/* Begin XCConfigurationList section */
		F11F7264232D90DB00F11B46 /* Build configuration list for PBXProject "AgileLegacy" */ = {
			isa = XCConfigurationList;
			buildConfigurations = (
				F11F7292232D90DD00F11B46 /* Debug */,
				F11F7293232D90DD00F11B46 /* Release */,
			);
			defaultConfigurationIsVisible = 0;
			defaultConfigurationName = Release;
		};
		F11F7294232D90DD00F11B46 /* Build configuration list for PBXNativeTarget "AgileLegacy" */ = {
			isa = XCConfigurationList;
			buildConfigurations = (
				F11F7295232D90DD00F11B46 /* Debug */,
				F11F7296232D90DD00F11B46 /* Release */,
			);
			defaultConfigurationIsVisible = 0;
			defaultConfigurationName = Release;
		};
		F11F7297232D90DD00F11B46 /* Build configuration list for PBXNativeTarget "AgileLegacyTests" */ = {
			isa = XCConfigurationList;
			buildConfigurations = (
				F11F7298232D90DD00F11B46 /* Debug */,
				F11F7299232D90DD00F11B46 /* Release */,
			);
			defaultConfigurationIsVisible = 0;
			defaultConfigurationName = Release;
		};
		F11F729A232D90DD00F11B46 /* Build configuration list for PBXNativeTarget "AgileLegacyUITests" */ = {
			isa = XCConfigurationList;
			buildConfigurations = (
				F11F729B232D90DD00F11B46 /* Debug */,
				F11F729C232D90DD00F11B46 /* Release */,
			);
			defaultConfigurationIsVisible = 0;
			defaultConfigurationName = Release;
		};
/* End XCConfigurationList section */

/* Begin XCVersionGroup section */
		F11F7273232D90DB00F11B46 /* AgileLegacy.xcdatamodeld */ = {
			isa = XCVersionGroup;
			children = (
				F1354E27233290E2004BF818 /* AgileLegacy 2.xcdatamodel */,
				F11F7274232D90DB00F11B46 /* AgileLegacy.xcdatamodel */,
			);
			currentVersion = F1354E27233290E2004BF818 /* AgileLegacy 2.xcdatamodel */;
			path = AgileLegacy.xcdatamodeld;
			sourceTree = "<group>";
			versionGroupType = wrapper.xcdatamodel;
		};
/* End XCVersionGroup section */
	};
	rootObject = F11F7261232D90DB00F11B46 /* Project object */;
}
